<?xml version="1.0" encoding="utf-8"?>
<Project ToolsVersion="4.0" xmlns="http://schemas.microsoft.com/developer/msbuild/2003">
  <ItemGroup>
    <Filter Include="源文件">
      <UniqueIdentifier>{4FC737F1-C7A5-4376-A066-2A32D752A2FF}</UniqueIdentifier>
      <Extensions>cpp;c;cc;cxx;c++;def;odl;idl;hpj;bat;asm;asmx</Extensions>
    </Filter>
    <Filter Include="头文件">
      <UniqueIdentifier>{93995380-89BD-4b04-88EB-625FBE52EBFB}</UniqueIdentifier>
      <Extensions>h;hh;hpp;hxx;h++;hm;inl;inc;ipp;xsd</Extensions>
    </Filter>
    <Filter Include="资源文件">
      <UniqueIdentifier>{67DA6AB6-F800-4c08-8B7A-83BB121AAD01}</UniqueIdentifier>
      <Extensions>rc;ico;cur;bmp;dlg;rc2;rct;bin;rgs;gif;jpg;jpeg;jpe;resx;tiff;tif;png;wav;mfcribbon-ms</Extensions>
    </Filter>
  </ItemGroup>
  <ItemGroup>
    <ClCompile Include="练习5-1 求m到n之和.cpp">
      <Filter>源文件</Filter>
    </ClCompile>
    <ClCompile Include="练习5-3 数字金字塔.cpp">
      <Filter>源文件</Filter>
    </ClCompile>
    <ClCompile Include="习题5-2 使用函数求奇数和.cpp">
      <Filter>源文件</Filter>
    </ClCompile>
    <ClCompile Include="习题5-3 使用函数计算两点间的距离.cpp">
      <Filter>源文件</Filter>
    </ClCompile>
    <ClCompile Include="习题5-5 使用函数统计指定数字的个数.cpp">
      <Filter>源文件</Filter>
    </ClCompile>
    <ClCompile Include="习题5-6 使用函数输出水仙花数.cpp">
      <Filter>源文件</Filter>
    </ClCompile>
    <ClCompile Include="习题5-4 使用函数求素数和.cpp">
      <Filter>源文件</Filter>
    </ClCompile>
    <ClCompile Include="习题5-7 使用函数求余弦函数的近似值.cpp">
      <Filter>源文件</Filter>
    </ClCompile>
    <ClCompile Include="习题6-1 分类统计字符个数.cpp">
      <Filter>源文件</Filter>
    </ClCompile>
    <ClCompile Include="习题6-2 使用函数求特殊a串数列和.cpp">
      <Filter>源文件</Filter>
    </ClCompile>
    <ClCompile Include="习题6-3 使用函数输出指定范围内的完数.cpp">
      <Filter>源文件</Filter>
    </ClCompile>
    <ClCompile Include="习题6-4 使用函数输出指定范围内的Fibonacci数.cpp">
      <Filter>源文件</Filter>
    </ClCompile>
    <ClCompile Include="习题6-5 使用函数验证哥德巴赫猜想.cpp">
      <Filter>源文件</Filter>
    </ClCompile>
    <ClCompile Include="习题6-6 使用函数输出一个整数的逆序数.cpp">
      <Filter>源文件</Filter>
    </ClCompile>
    <ClCompile Include="练习8-2 计算两数的和与差.cpp">
      <Filter>源文件</Filter>
    </ClCompile>
    <ClCompile Include="练习8-8 移动字母.cpp">
      <Filter>源文件</Filter>
    </ClCompile>
    <ClCompile Include="习题8-1 拆分实数的整数与小数部分.cpp">
      <Filter>源文件</Filter>
    </ClCompile>
    <ClCompile Include="习题8-2 在数组中查找指定元素.cpp">
      <Filter>源文件</Filter>
    </ClCompile>
    <ClCompile Include="习题8-3 数组循环右移.cpp">
      <Filter>源文件</Filter>
    </ClCompile>
    <ClCompile Include="习题8-4 报数.cpp">
      <Filter>源文件</Filter>
    </ClCompile>
    <ClCompile Include="习题8-5 使用函数实现字符串部分复制.cpp">
      <Filter>源文件</Filter>
    </ClCompile>
  </ItemGroup>
</Project>